PODS:
  - CheckVersion_Swift (0.1.0)

DEPENDENCIES:
  - CheckVersion_Swift (from `../`)

EXTERNAL SOURCES:
  CheckVersion_Swift:
    :path: "../"

SPEC CHECKSUMS:
  CheckVersion_Swift: 222c12c9238ef71f23d3999b217fc475dace52f1

PODFILE CHECKSUM: c3a0b0038b7c36ba893a9b5a834c4b845dec7e26

COCOAPODS: 1.5.3
