PODS:
  - CheckVersion_Swift (0.0.1)

DEPENDENCIES:
  - CheckVersion_Swift (from `../`)

EXTERNAL SOURCES:
  CheckVersion_Swift:
    :path: "../"

SPEC CHECKSUMS:
  CheckVersion_Swift: e8d8a953cebb988488bb01faa9fee80184002ea5

PODFILE CHECKSUM: c3a0b0038b7c36ba893a9b5a834c4b845dec7e26

COCOAPODS: 1.5.3
